// !$*UTF8*$!
{
	archiveVersion = 1;
	classes = {
	};
	objectVersion = 50;
	objects = {

/* Begin PBXBuildFile section */
		0424062A22DBD1CE004BE4BF /* AppDelegate.swift in Sources */ = {isa = PBXBuildFile; fileRef = 0424062922DBD1CE004BE4BF /* AppDelegate.swift */; };
		0424062C22DBD1CE004BE4BF /* ViewController.swift in Sources */ = {isa = PBXBuildFile; fileRef = 0424062B22DBD1CE004BE4BF /* ViewController.swift */; };
		0424062F22DBD1CE004BE4BF /* Main.storyboard in Resources */ = {isa = PBXBuildFile; fileRef = 0424062D22DBD1CE004BE4BF /* Main.storyboard */; };
		0424063122DBD1D0004BE4BF /* Assets.xcassets in Resources */ = {isa = PBXBuildFile; fileRef = 0424063022DBD1D0004BE4BF /* Assets.xcassets */; };
		0424063422DBD1D0004BE4BF /* LaunchScreen.storyboard in Resources */ = {isa = PBXBuildFile; fileRef = 0424063222DBD1D0004BE4BF /* LaunchScreen.storyboard */; };
		0424064C22DBD849004BE4BF /* AudioKit.framework in Frameworks */ = {isa = PBXBuildFile; fileRef = 0424064A22DBD849004BE4BF /* AudioKit.framework */; };
		0424064D22DBD849004BE4BF /* AudioKitUI.framework in Frameworks */ = {isa = PBXBuildFile; fileRef = 0424064B22DBD849004BE4BF /* AudioKitUI.framework */; };
		0424065022DBD8F3004BE4BF /* AudioKit.framework in Frameworks */ = {isa = PBXBuildFile; fileRef = 0424064E22DBD8F2004BE4BF /* AudioKit.framework */; };
		0424065122DBD8F3004BE4BF /* AudioKit.framework in Embed Frameworks */ = {isa = PBXBuildFile; fileRef = 0424064E22DBD8F2004BE4BF /* AudioKit.framework */; settings = {ATTRIBUTES = (CodeSignOnCopy, RemoveHeadersOnCopy, ); }; };
		0424065222DBD8F3004BE4BF /* AudioKitUI.framework in Frameworks */ = {isa = PBXBuildFile; fileRef = 0424064F22DBD8F3004BE4BF /* AudioKitUI.framework */; };
		0424065322DBD8F3004BE4BF /* AudioKitUI.framework in Embed Frameworks */ = {isa = PBXBuildFile; fileRef = 0424064F22DBD8F3004BE4BF /* AudioKitUI.framework */; settings = {ATTRIBUTES = (CodeSignOnCopy, RemoveHeadersOnCopy, ); }; };
/* End PBXBuildFile section */

/* Begin PBXCopyFilesBuildPhase section */
		0424065422DBD8F3004BE4BF /* Embed Frameworks */ = {
			isa = PBXCopyFilesBuildPhase;
			buildActionMask = 2147483647;
			dstPath = "";
			dstSubfolderSpec = 10;
			files = (
				0424065322DBD8F3004BE4BF /* AudioKitUI.framework in Embed Frameworks */,
				0424065122DBD8F3004BE4BF /* AudioKit.framework in Embed Frameworks */,
			);
			name = "Embed Frameworks";
			runOnlyForDeploymentPostprocessing = 0;
		};
/* End PBXCopyFilesBuildPhase section */

/* Begin PBXFileReference section */
		0424062622DBD1CE004BE4BF /* AudioKitFramework.app */ = {isa = PBXFileReference; explicitFileType = wrapper.application; includeInIndex = 0; path = AudioKitFramework.app; sourceTree = BUILT_PRODUCTS_DIR; };
		0424062922DBD1CE004BE4BF /* AppDelegate.swift */ = {isa = PBXFileReference; lastKnownFileType = sourcecode.swift; path = AppDelegate.swift; sourceTree = "<group>"; };
		0424062B22DBD1CE004BE4BF /* ViewController.swift */ = {isa = PBXFileReference; lastKnownFileType = sourcecode.swift; path = ViewController.swift; sourceTree = "<group>"; };
		0424062E22DBD1CE004BE4BF /* Base */ = {isa = PBXFileReference; lastKnownFileType = file.storyboard; name = Base; path = Base.lproj/Main.storyboard; sourceTree = "<group>"; };
		0424063022DBD1D0004BE4BF /* Assets.xcassets */ = {isa = PBXFileReference; lastKnownFileType = folder.assetcatalog; path = Assets.xcassets; sourceTree = "<group>"; };
		0424063322DBD1D0004BE4BF /* Base */ = {isa = PBXFileReference; lastKnownFileType = file.storyboard; name = Base; path = Base.lproj/LaunchScreen.storyboard; sourceTree = "<group>"; };
		0424063522DBD1D0004BE4BF /* Info.plist */ = {isa = PBXFileReference; lastKnownFileType = text.plist.xml; path = Info.plist; sourceTree = "<group>"; };
		0424063B22DBD25E004BE4BF /* AudioKit.framework */ = {isa = PBXFileReference; lastKnownFileType = wrapper.framework; name = AudioKit.framework; path = "AudioKit-iOS/AudioKit.framework"; sourceTree = "<group>"; };
		0424064A22DBD849004BE4BF /* AudioKit.framework */ = {isa = PBXFileReference; lastKnownFileType = wrapper.framework; name = AudioKit.framework; path = "AudioKitFramework/AudioKit-iOS/AudioKit.framework"; sourceTree = "<group>"; };
		0424064B22DBD849004BE4BF /* AudioKitUI.framework */ = {isa = PBXFileReference; lastKnownFileType = wrapper.framework; name = AudioKitUI.framework; path = "AudioKitFramework/AudioKit-iOS/AudioKitUI.framework"; sourceTree = "<group>"; };
		0424064E22DBD8F2004BE4BF /* AudioKit.framework */ = {isa = PBXFileReference; lastKnownFileType = wrapper.framework; name = AudioKit.framework; path = "AudioKitFramework/AudioKit-iOS/AudioKit.framework"; sourceTree = "<group>"; };
		0424064F22DBD8F3004BE4BF /* AudioKitUI.framework */ = {isa = PBXFileReference; lastKnownFileType = wrapper.framework; name = AudioKitUI.framework; path = "AudioKitFramework/AudioKit-iOS/AudioKitUI.framework"; sourceTree = "<group>"; };
/* End PBXFileReference section */

/* Begin PBXFrameworksBuildPhase section */
		0424062322DBD1CE004BE4BF /* Frameworks */ = {
			isa = PBXFrameworksBuildPhase;
			buildActionMask = 2147483647;
			files = (
				0424065222DBD8F3004BE4BF /* AudioKitUI.framework in Frameworks */,
				0424065022DBD8F3004BE4BF /* AudioKit.framework in Frameworks */,
				0424064C22DBD849004BE4BF /* AudioKit.framework in Frameworks */,
				0424064D22DBD849004BE4BF /* AudioKitUI.framework in Frameworks */,
			);
			runOnlyForDeploymentPostprocessing = 0;
		};
/* End PBXFrameworksBuildPhase section */

/* Begin PBXGroup section */
		0424061D22DBD1CE004BE4BF = {
			isa = PBXGroup;
			children = (
				0424063B22DBD25E004BE4BF /* AudioKit.framework */,
				0424064E22DBD8F2004BE4BF /* AudioKit.framework */,
				0424064F22DBD8F3004BE4BF /* AudioKitUI.framework */,
				0424062822DBD1CE004BE4BF /* AudioKitFramework */,
				0424062722DBD1CE004BE4BF /* Products */,
				0424064222DBD623004BE4BF /* Frameworks */,
			);
			sourceTree = "<group>";
		};
		0424062722DBD1CE004BE4BF /* Products */ = {
			isa = PBXGroup;
			children = (
				0424062622DBD1CE004BE4BF /* AudioKitFramework.app */,
			);
			name = Products;
			sourceTree = "<group>";
		};
		0424062822DBD1CE004BE4BF /* AudioKitFramework */ = {
			isa = PBXGroup;
			children = (
				0424062922DBD1CE004BE4BF /* AppDelegate.swift */,
				0424062B22DBD1CE004BE4BF /* ViewController.swift */,
				0424062D22DBD1CE004BE4BF /* Main.storyboard */,
				0424063022DBD1D0004BE4BF /* Assets.xcassets */,
				0424063222DBD1D0004BE4BF /* LaunchScreen.storyboard */,
				0424063522DBD1D0004BE4BF /* Info.plist */,
			);
			path = AudioKitFramework;
			sourceTree = "<group>";
		};
		0424064222DBD623004BE4BF /* Frameworks */ = {
			isa = PBXGroup;
			children = (
				0424064A22DBD849004BE4BF /* AudioKit.framework */,
				0424064B22DBD849004BE4BF /* AudioKitUI.framework */,
			);
			name = Frameworks;
			sourceTree = "<group>";
		};
/* End PBXGroup section */

/* Begin PBXNativeTarget section */
		0424062522DBD1CE004BE4BF /* AudioKitFramework */ = {
			isa = PBXNativeTarget;
			buildConfigurationList = 0424063822DBD1D0004BE4BF /* Build configuration list for PBXNativeTarget "AudioKitFramework" */;
			buildPhases = (
				0424062222DBD1CE004BE4BF /* Sources */,
				0424062322DBD1CE004BE4BF /* Frameworks */,
				0424062422DBD1CE004BE4BF /* Resources */,
				0424065422DBD8F3004BE4BF /* Embed Frameworks */,
			);
			buildRules = (
			);
			dependencies = (
			);
			name = AudioKitFramework;
			productName = AudioKitFramework;
			productReference = 0424062622DBD1CE004BE4BF /* AudioKitFramework.app */;
			productType = "com.apple.product-type.application";
		};
/* End PBXNativeTarget section */

/* Begin PBXProject section */
		0424061E22DBD1CE004BE4BF /* Project object */ = {
			isa = PBXProject;
			attributes = {
				LastSwiftUpdateCheck = 1020;
				LastUpgradeCheck = 1020;
				ORGANIZATIONNAME = "Salwa Kisswani";
				TargetAttributes = {
					0424062522DBD1CE004BE4BF = {
						CreatedOnToolsVersion = 10.2.1;
					};
				};
			};
			buildConfigurationList = 0424062122DBD1CE004BE4BF /* Build configuration list for PBXProject "AudioKitFramework" */;
			compatibilityVersion = "Xcode 9.3";
			developmentRegion = en;
			hasScannedForEncodings = 0;
			knownRegions = (
				en,
				Base,
			);
			mainGroup = 0424061D22DBD1CE004BE4BF;
			productRefGroup = 0424062722DBD1CE004BE4BF /* Products */;
			projectDirPath = "";
			projectRoot = "";
			targets = (
				0424062522DBD1CE004BE4BF /* AudioKitFramework */,
			);
		};
/* End PBXProject section */

/* Begin PBXResourcesBuildPhase section */
		0424062422DBD1CE004BE4BF /* Resources */ = {
			isa = PBXResourcesBuildPhase;
			buildActionMask = 2147483647;
			files = (
				0424063422DBD1D0004BE4BF /* LaunchScreen.storyboard in Resources */,
				0424063122DBD1D0004BE4BF /* Assets.xcassets in Resources */,
				0424062F22DBD1CE004BE4BF /* Main.storyboard in Resources */,
			);
			runOnlyForDeploymentPostprocessing = 0;
		};
/* End PBXResourcesBuildPhase section */

/* Begin PBXSourcesBuildPhase section */
		0424062222DBD1CE004BE4BF /* Sources */ = {
			isa = PBXSourcesBuildPhase;
			buildActionMask = 2147483647;
			files = (
				0424062C22DBD1CE004BE4BF /* ViewController.swift in Sources */,
				0424062A22DBD1CE004BE4BF /* AppDelegate.swift in Sources */,
			);
			runOnlyForDeploymentPostprocessing = 0;
		};
/* End PBXSourcesBuildPhase section */

/* Begin PBXVariantGroup section */
		0424062D22DBD1CE004BE4BF /* Main.storyboard */ = {
			isa = PBXVariantGroup;
			children = (
				0424062E22DBD1CE004BE4BF /* Base */,
			);
			name = Main.storyboard;
			sourceTree = "<group>";
		};
		0424063222DBD1D0004BE4BF /* LaunchScreen.storyboard */ = {
			isa = PBXVariantGroup;
			children = (
				0424063322DBD1D0004BE4BF /* Base */,
			);
			name = LaunchScreen.storyboard;
			sourceTree = "<group>";
		};
/* End PBXVariantGroup section */

/* Begin XCBuildConfiguration section */
		0424063622DBD1D0004BE4BF /* Debug */ = {
			isa = XCBuildConfiguration;
			buildSettings = {
				ALWAYS_SEARCH_USER_PATHS = NO;
				CLANG_ANALYZER_NONNULL = YES;
				CLANG_ANALYZER_NUMBER_OBJECT_CONVERSION = YES_AGGRESSIVE;
				CLANG_CXX_LANGUAGE_STANDARD = "gnu++14";
				CLANG_CXX_LIBRARY = "libc++";
				CLANG_ENABLE_MODULES = YES;
				CLANG_ENABLE_OBJC_ARC = YES;
				CLANG_ENABLE_OBJC_WEAK = YES;
				CLANG_WARN_BLOCK_CAPTURE_AUTORELEASING = YES;
				CLANG_WARN_BOOL_CONVERSION = YES;
				CLANG_WARN_COMMA = YES;
				CLANG_WARN_CONSTANT_CONVERSION = YES;
				CLANG_WARN_DEPRECATED_OBJC_IMPLEMENTATIONS = YES;
				CLANG_WARN_DIRECT_OBJC_ISA_USAGE = YES_ERROR;
				CLANG_WARN_DOCUMENTATION_COMMENTS = YES;
				CLANG_WARN_EMPTY_BODY = YES;
				CLANG_WARN_ENUM_CONVERSION = YES;
				CLANG_WARN_INFINITE_RECURSION = YES;
				CLANG_WARN_INT_CONVERSION = YES;
				CLANG_WARN_NON_LITERAL_NULL_CONVERSION = YES;
				CLANG_WARN_OBJC_IMPLICIT_RETAIN_SELF = YES;
				CLANG_WARN_OBJC_LITERAL_CONVERSION = YES;
				CLANG_WARN_OBJC_ROOT_CLASS = YES_ERROR;
				CLANG_WARN_RANGE_LOOP_ANALYSIS = YES;
				CLANG_WARN_STRICT_PROTOTYPES = YES;
				CLANG_WARN_SUSPICIOUS_MOVE = YES;
				CLANG_WARN_UNGUARDED_AVAILABILITY = YES_AGGRESSIVE;
				CLANG_WARN_UNREACHABLE_CODE = YES;
				CLANG_WARN__DUPLICATE_METHOD_MATCH = YES;
				CODE_SIGN_IDENTITY = "iPhone Developer";
				COPY_PHASE_STRIP = NO;
				DEBUG_INFORMATION_FORMAT = dwarf;
				ENABLE_STRICT_OBJC_MSGSEND = YES;
				ENABLE_TESTABILITY = YES;
				GCC_C_LANGUAGE_STANDARD = gnu11;
				GCC_DYNAMIC_NO_PIC = NO;
				GCC_NO_COMMON_BLOCKS = YES;
				GCC_OPTIMIZATION_LEVEL = 0;
				GCC_PREPROCESSOR_DEFINITIONS = (
					"DEBUG=1",
					"$(inherited)",
				);
				GCC_WARN_64_TO_32_BIT_CONVERSION = YES;
				GCC_WARN_ABOUT_RETURN_TYPE = YES_ERROR;
				GCC_WARN_UNDECLARED_SELECTOR = YES;
				GCC_WARN_UNINITIALIZED_AUTOS = YES_AGGRESSIVE;
				GCC_WARN_UNUSED_FUNCTION = YES;
				GCC_WARN_UNUSED_VARIABLE = YES;
				IPHONEOS_DEPLOYMENT_TARGET = 12.2;
				MTL_ENABLE_DEBUG_INFO = INCLUDE_SOURCE;
				MTL_FAST_MATH = YES;
				ONLY_ACTIVE_ARCH = YES;
				SDKROOT = iphoneos;
				SWIFT_ACTIVE_COMPILATION_CONDITIONS = DEBUG;
				SWIFT_OPTIMIZATION_LEVEL = "-Onone";
			};
			name = Debug;
		};
		0424063722DBD1D0004BE4BF /* Release */ = {
			isa = XCBuildConfiguration;
			buildSettings = {
				ALWAYS_SEARCH_USER_PATHS = NO;
				CLANG_ANALYZER_NONNULL = YES;
				CLANG_ANALYZER_NUMBER_OBJECT_CONVERSION = YES_AGGRESSIVE;
				CLANG_CXX_LANGUAGE_STANDARD = "gnu++14";
				CLANG_CXX_LIBRARY = "libc++";
				CLANG_ENABLE_MODULES = YES;
				CLANG_ENABLE_OBJC_ARC = YES;
				CLANG_ENABLE_OBJC_WEAK = YES;
				CLANG_WARN_BLOCK_CAPTURE_AUTORELEASING = YES;
				CLANG_WARN_BOOL_CONVERSION = YES;
				CLANG_WARN_COMMA = YES;
				CLANG_WARN_CONSTANT_CONVERSION = YES;
				CLANG_WARN_DEPRECATED_OBJC_IMPLEMENTATIONS = YES;
				CLANG_WARN_DIRECT_OBJC_ISA_USAGE = YES_ERROR;
				CLANG_WARN_DOCUMENTATION_COMMENTS = YES;
				CLANG_WARN_EMPTY_BODY = YES;
				CLANG_WARN_ENUM_CONVERSION = YES;
				CLANG_WARN_INFINITE_RECURSION = YES;
				CLANG_WARN_INT_CONVERSION = YES;
				CLANG_WARN_NON_LITERAL_NULL_CONVERSION = YES;
				CLANG_WARN_OBJC_IMPLICIT_RETAIN_SELF = YES;
				CLANG_WARN_OBJC_LITERAL_CONVERSION = YES;
				CLANG_WARN_OBJC_ROOT_CLASS = YES_ERROR;
				CLANG_WARN_RANGE_LOOP_ANALYSIS = YES;
				CLANG_WARN_STRICT_PROTOTYPES = YES;
				CLANG_WARN_SUSPICIOUS_MOVE = YES;
				CLANG_WARN_UNGUARDED_AVAILABILITY = YES_AGGRESSIVE;
				CLANG_WARN_UNREACHABLE_CODE = YES;
				CLANG_WARN__DUPLICATE_METHOD_MATCH = YES;
				CODE_SIGN_IDENTITY = "iPhone Developer";
				COPY_PHASE_STRIP = NO;
				DEBUG_INFORMATION_FORMAT = "dwarf-with-dsym";
				ENABLE_NS_ASSERTIONS = NO;
				ENABLE_STRICT_OBJC_MSGSEND = YES;
				GCC_C_LANGUAGE_STANDARD = gnu11;
				GCC_NO_COMMON_BLOCKS = YES;
				GCC_WARN_64_TO_32_BIT_CONVERSION = YES;
				GCC_WARN_ABOUT_RETURN_TYPE = YES_ERROR;
				GCC_WARN_UNDECLARED_SELECTOR = YES;
				GCC_WARN_UNINITIALIZED_AUTOS = YES_AGGRESSIVE;
				GCC_WARN_UNUSED_FUNCTION = YES;
				GCC_WARN_UNUSED_VARIABLE = YES;
				IPHONEOS_DEPLOYMENT_TARGET = 12.2;
				MTL_ENABLE_DEBUG_INFO = NO;
				MTL_FAST_MATH = YES;
				SDKROOT = iphoneos;
				SWIFT_COMPILATION_MODE = wholemodule;
				SWIFT_OPTIMIZATION_LEVEL = "-O";
				VALIDATE_PRODUCT = YES;
			};
			name = Release;
		};
		0424063922DBD1D0004BE4BF /* Debug */ = {
			isa = XCBuildConfiguration;
			buildSettings = {
				ASSETCATALOG_COMPILER_APPICON_NAME = AppIcon;
				CODE_SIGN_STYLE = Automatic;
				FRAMEWORK_SEARCH_PATHS = (
					"\"$(SRCROOT)/AudioKitFramework/AudioKit-iOS/AudioKit.framework\"",
					"\"$(SRCROOT)/AudioKitFramework/AudioKit-iOS/AudioKitUI.framework\"",
					"$(PROJECT_DIR)/AudioKitFramework/AudioKit-iOS",
				);
				INFOPLIST_FILE = AudioKitFramework/Info.plist;
				LD_RUNPATH_SEARCH_PATHS = (
					"$(inherited)",
					"@executable_path/Frameworks",
				);
				OTHER_LDFLAGS = "-lstdc++";
				PRODUCT_BUNDLE_IDENTIFIER = MCS.AudioKitFramework;
				PRODUCT_NAME = "$(TARGET_NAME)";
				SWIFT_VERSION = 5.0;
				TARGETED_DEVICE_FAMILY = "1,2";
			};
			name = Debug;
		};
		0424063A22DBD1D0004BE4BF /* Release */ = {
			isa = XCBuildConfiguration;
			buildSettings = {
				ASSETCATALOG_COMPILER_APPICON_NAME = AppIcon;
				CODE_SIGN_STYLE = Automatic;
				FRAMEWORK_SEARCH_PATHS = (
					"\"$(SRCROOT)/AudioKitFramework/AudioKit-iOS/AudioKit.framework\"",
					"\"$(SRCROOT)/AudioKitFramework/AudioKit-iOS/AudioKitUI.framework\"",
					"$(PROJECT_DIR)/AudioKitFramework/AudioKit-iOS",
				);
				INFOPLIST_FILE = AudioKitFramework/Info.plist;
				LD_RUNPATH_SEARCH_PATHS = (
					"$(inherited)",
					"@executable_path/Frameworks",
				);
				OTHER_LDFLAGS = "-lstdc++";
				PRODUCT_BUNDLE_IDENTIFIER = MCS.AudioKitFramework;
				PRODUCT_NAME = "$(TARGET_NAME)";
				SWIFT_VERSION = 5.0;
				TARGETED_DEVICE_FAMILY = "1,2";
			};
			name = Release;
		};
/* End XCBuildConfiguration section */

/* Begin XCConfigurationList section */
		0424062122DBD1CE004BE4BF /* Build configuration list for PBXProject "AudioKitFramework" */ = {
			isa = XCConfigurationList;
			buildConfigurations = (
				0424063622DBD1D0004BE4BF /* Debug */,
				0424063722DBD1D0004BE4BF /* Release */,
			);
			defaultConfigurationIsVisible = 0;
			defaultConfigurationName = Release;
		};
		0424063822DBD1D0004BE4BF /* Build configuration list for PBXNativeTarget "AudioKitFramework" */ = {
			isa = XCConfigurationList;
			buildConfigurations = (
				0424063922DBD1D0004BE4BF /* Debug */,
				0424063A22DBD1D0004BE4BF /* Release */,
			);
			defaultConfigurationIsVisible = 0;
			defaultConfigurationName = Release;
		};
/* End XCConfigurationList section */
	};
	rootObject = 0424061E22DBD1CE004BE4BF /* Project object */;
}
